
Microsoft Visual Studio Solution File, Format Version 12.00
# Visual Studio Version 17
VisualStudioVersion = 17.10.35122.118
MinimumVisualStudioVersion = 10.0.40219.1
Project("{FAE04EC0-301F-11D3-BF4B-00C04F79EFBC}") = "Saresp", "Saresp\Saresp.csproj", "{C5FF5481-6E1D-4C68-8A00-C2B534019F45}"
EndProject
Global
	GlobalSection(SolutionConfigurationPlatforms) = preSolution
		Debug|Any CPU = Debug|Any CPU
		Release|Any CPU = Release|Any CPU
	EndGlobalSection
	GlobalSection(ProjectConfigurationPlatforms) = postSolution
		{C5FF5481-6E1D-4C68-8A00-C2B534019F45}.Debug|Any CPU.ActiveCfg = Debug|Any CPU
		{C5FF5481-6E1D-4C68-8A00-C2B534019F45}.Debug|Any CPU.Build.0 = Debug|Any CPU
		{C5FF5481-6E1D-4C68-8A00-C2B534019F45}.Release|Any CPU.ActiveCfg = Release|Any CPU
		{C5FF5481-6E1D-4C68-8A00-C2B534019F45}.Release|Any CPU.Build.0 = Release|Any CPU
	EndGlobalSection
	GlobalSection(SolutionProperties) = preSolution
		HideSolutionNode = FALSE
	EndGlobalSection
	GlobalSection(ExtensibilityGlobals) = postSolution
		SolutionGuid = {46CA7C92-B46B-4FB0-BBD9-858352C6D5CA}
	EndGlobalSection
EndGlobal
